
Microsoft Visual Studio Solution File, Format Version 12.00
# Visual Studio Version 16
VisualStudioVersion = 16.0.33423.256
MinimumVisualStudioVersion = 10.0.40219.1
Project("{FAE04EC0-301F-11D3-BF4B-00C04F79EFBC}") = "GPT", "GPT\GPT.csproj", "{0C976A32-8A3E-4401-876A-8590A0D85BB0}"
EndProject
Project("{54435603-DBB4-11D2-8724-00A0C9A8B90C}") = "SetupGPT", "SetupGPT\SetupGPT.vdproj", "{9AC16142-A4F4-4215-B544-CC3D22689170}"
EndProject
Global
	GlobalSection(SolutionConfigurationPlatforms) = preSolution
		Debug|Any CPU = Debug|Any CPU
		Release|Any CPU = Release|Any CPU
	EndGlobalSection
	GlobalSection(ProjectConfigurationPlatforms) = postSolution
		{0C976A32-8A3E-4401-876A-8590A0D85BB0}.Debug|Any CPU.ActiveCfg = Debug|Any CPU
		{0C976A32-8A3E-4401-876A-8590A0D85BB0}.Debug|Any CPU.Build.0 = Debug|Any CPU
		{0C976A32-8A3E-4401-876A-8590A0D85BB0}.Release|Any CPU.ActiveCfg = Release|Any CPU
		{0C976A32-8A3E-4401-876A-8590A0D85BB0}.Release|Any CPU.Build.0 = Release|Any CPU
		{9AC16142-A4F4-4215-B544-CC3D22689170}.Debug|Any CPU.ActiveCfg = Debug
		{9AC16142-A4F4-4215-B544-CC3D22689170}.Release|Any CPU.ActiveCfg = Release
	EndGlobalSection
	GlobalSection(SolutionProperties) = preSolution
		HideSolutionNode = FALSE
	EndGlobalSection
	GlobalSection(ExtensibilityGlobals) = postSolution
		SolutionGuid = {8E2D41FF-AA67-4232-BA1B-41CBC7F8C64F}
	EndGlobalSection
EndGlobal
